// !$*UTF8*$!
{
	archiveVersion = 1;
	classes = {
	};
	objectVersion = 54;
	objects = {

/* Begin PBXBuildFile section */
		058557BB273AAA24004C7B11 /* Assets.xcassets in Resources */ = {isa = PBXBuildFile; fileRef = 058557BA273AAA24004C7B11 /* Assets.xcassets */; };
		058557D9273AAEEB004C7B11 /* Preview Assets.xcassets in Resources */ = {isa = PBXBuildFile; fileRef = 058557D8273AAEEB004C7B11 /* Preview Assets.xcassets */; };
		2152FB042600AC8F00CF470E /* iOSApp.swift in Sources */ = {isa = PBXBuildFile; fileRef = 2152FB032600AC8F00CF470E /* iOSApp.swift */; };
		7555FF83242A565900829871 /* ContentView.swift in Sources */ = {isa = PBXBuildFile; fileRef = 7555FF82242A565900829871 /* ContentView.swift */; };
		8FEC9BD42991E381009EE174 /* iosAppUITests.swift in Sources */ = {isa = PBXBuildFile; fileRef = 8FEC9BD32991E381009EE174 /* iosAppUITests.swift */; };
		8FEC9BD62991E381009EE174 /* iosAppUITestsLaunchTests.swift in Sources */ = {isa = PBXBuildFile; fileRef = 8FEC9BD52991E381009EE174 /* iosAppUITestsLaunchTests.swift */; };
		921076662994E46900390F45 /* EnterScreenStage.swift in Sources */ = {isa = PBXBuildFile; fileRef = 921076652994E46900390F45 /* EnterScreenStage.swift */; };
		927295E3298D61F100C5F0DE /* PrimaryButton.swift in Sources */ = {isa = PBXBuildFile; fileRef = 927295E2298D61F100C5F0DE /* PrimaryButton.swift */; };
		927295E8298D733500C5F0DE /* BackButton.swift in Sources */ = {isa = PBXBuildFile; fileRef = 927295E7298D733500C5F0DE /* BackButton.swift */; };
		927295EA298D7A6B00C5F0DE /* Assets.swift in Sources */ = {isa = PBXBuildFile; fileRef = 927295E9298D7A6B00C5F0DE /* Assets.swift */; };
		9272960A298D86F300C5F0DE /* Unbounded-SemiBold.ttf in Resources */ = {isa = PBXBuildFile; fileRef = 92729603298D862D00C5F0DE /* Unbounded-SemiBold.ttf */; };
		9272960B298D86F300C5F0DE /* Unbounded-Light.ttf in Resources */ = {isa = PBXBuildFile; fileRef = 92729609298D862D00C5F0DE /* Unbounded-Light.ttf */; };
		9272960C298D86F300C5F0DE /* Unbounded-Regular.ttf in Resources */ = {isa = PBXBuildFile; fileRef = 92729608298D862D00C5F0DE /* Unbounded-Regular.ttf */; };
		9272960D298D86F300C5F0DE /* Unbounded-ExtraBold.ttf in Resources */ = {isa = PBXBuildFile; fileRef = 92729604298D862D00C5F0DE /* Unbounded-ExtraBold.ttf */; };
		9272960E298D86F300C5F0DE /* Unbounded-Medium.ttf in Resources */ = {isa = PBXBuildFile; fileRef = 92729605298D862D00C5F0DE /* Unbounded-Medium.ttf */; };
		9272960F298D86F300C5F0DE /* Unbounded-Black.ttf in Resources */ = {isa = PBXBuildFile; fileRef = 92729606298D862D00C5F0DE /* Unbounded-Black.ttf */; };
		92729610298D86F300C5F0DE /* Unbounded-Bold.ttf in Resources */ = {isa = PBXBuildFile; fileRef = 92729607298D862D00C5F0DE /* Unbounded-Bold.ttf */; };
		92729611298D86F300C5F0DE /* Unbounded-ExtraLight.ttf in Resources */ = {isa = PBXBuildFile; fileRef = 92729602298D862C00C5F0DE /* Unbounded-ExtraLight.ttf */; };
		927F7F60298D075400A158A8 /* MainMenuView.swift in Sources */ = {isa = PBXBuildFile; fileRef = 927F7F5F298D075400A158A8 /* MainMenuView.swift */; };
		927F7F62298D1EB800A158A8 /* EnterScreenView.swift in Sources */ = {isa = PBXBuildFile; fileRef = 927F7F61298D1EB800A158A8 /* EnterScreenView.swift */; };
		9291175D2998454C00B23AF3 /* PasteboardController.swift in Sources */ = {isa = PBXBuildFile; fileRef = 9291175C2998454C00B23AF3 /* PasteboardController.swift */; };
		92A06038299FBB2A00C6CC3E /* LobbyContractState+Extensions.swift in Sources */ = {isa = PBXBuildFile; fileRef = 92A06037299FBB2A00C6CC3E /* LobbyContractState+Extensions.swift */; };
		92A0603A299FBBBF00C6CC3E /* ArrayTests.swift in Sources */ = {isa = PBXBuildFile; fileRef = 92A06039299FBBBF00C6CC3E /* ArrayTests.swift */; };
		92A0603C299FCEE900C6CC3E /* LobbyEffectProcessor.swift in Sources */ = {isa = PBXBuildFile; fileRef = 92A0603B299FCEE900C6CC3E /* LobbyEffectProcessor.swift */; };
		92A0603E299FD18800C6CC3E /* MenuEffectProcessor.swift in Sources */ = {isa = PBXBuildFile; fileRef = 92A0603D299FD18800C6CC3E /* MenuEffectProcessor.swift */; };
		92A0604029A24FB400C6CC3E /* AnswerCard.swift in Sources */ = {isa = PBXBuildFile; fileRef = 92A0603F29A24FB400C6CC3E /* AnswerCard.swift */; };
		92B925092995670C0089ED88 /* IconButton.swift in Sources */ = {isa = PBXBuildFile; fileRef = 92B925082995670C0089ED88 /* IconButton.swift */; };
		92B9250B29956A1D0089ED88 /* LobbyRow.swift in Sources */ = {isa = PBXBuildFile; fileRef = 92B9250A29956A1D0089ED88 /* LobbyRow.swift */; };
		92CAFB1B299A720900E0B1E2 /* FirebaseAuth in Frameworks */ = {isa = PBXBuildFile; productRef = 92CAFB1A299A720900E0B1E2 /* FirebaseAuth */; };
		92CAFB1D299A720900E0B1E2 /* FirebaseAuthCombine-Community in Frameworks */ = {isa = PBXBuildFile; productRef = 92CAFB1C299A720900E0B1E2 /* FirebaseAuthCombine-Community */; };
		92CAFB1F299A720900E0B1E2 /* FirebaseDatabase in Frameworks */ = {isa = PBXBuildFile; productRef = 92CAFB1E299A720900E0B1E2 /* FirebaseDatabase */; };
		92CAFB21299A720900E0B1E2 /* FirebaseDatabaseSwift in Frameworks */ = {isa = PBXBuildFile; productRef = 92CAFB20299A720900E0B1E2 /* FirebaseDatabaseSwift */; };
		92CAFB23299A735600E0B1E2 /* GoogleService-Info.plist in Resources */ = {isa = PBXBuildFile; fileRef = 92CAFB22299A735600E0B1E2 /* GoogleService-Info.plist */; };
		92CD661729925B720003634C /* Image+Extensions.swift in Sources */ = {isa = PBXBuildFile; fileRef = 92CD661629925B720003634C /* Image+Extensions.swift */; };
		92CD661929926F220003634C /* Alerts.swift in Sources */ = {isa = PBXBuildFile; fileRef = 92CD661829926F220003634C /* Alerts.swift */; };
		92CD661B2992B83B0003634C /* HeaderView.swift in Sources */ = {isa = PBXBuildFile; fileRef = 92CD661A2992B83B0003634C /* HeaderView.swift */; };
		92CD661D2992BD770003634C /* InputField.swift in Sources */ = {isa = PBXBuildFile; fileRef = 92CD661C2992BD770003634C /* InputField.swift */; };
		92CD661F2992DEA80003634C /* ContainerView.swift in Sources */ = {isa = PBXBuildFile; fileRef = 92CD661E2992DEA80003634C /* ContainerView.swift */; };
		92DE7810299D7C1100B16131 /* Array+Extensions.swift in Sources */ = {isa = PBXBuildFile; fileRef = 92DE780E299D7C1100B16131 /* Array+Extensions.swift */; };
		92E17D91299CEED300A0EEFC /* Fonts.swift in Sources */ = {isa = PBXBuildFile; fileRef = 92E17D8F299CEED300A0EEFC /* Fonts.swift */; };
		92E17D92299CEED300A0EEFC /* Size.swift in Sources */ = {isa = PBXBuildFile; fileRef = 92E17D90299CEED300A0EEFC /* Size.swift */; };
		92E248D0299F716D00CF5147 /* NavPath.swift in Sources */ = {isa = PBXBuildFile; fileRef = 92E248CF299F716D00CF5147 /* NavPath.swift */; };
		92F23CF229A4E34E0093D043 /* ButtonLoadingModifier.swift in Sources */ = {isa = PBXBuildFile; fileRef = 92F23CF129A4E34E0093D043 /* ButtonLoadingModifier.swift */; };
		92F23CF429A4E3BC0093D043 /* LoadingModifier.swift in Sources */ = {isa = PBXBuildFile; fileRef = 92F23CF329A4E3BC0093D043 /* LoadingModifier.swift */; };
		92F57CA4299551C4005D5328 /* LobbyView.swift in Sources */ = {isa = PBXBuildFile; fileRef = 92F57CA3299551C4005D5328 /* LobbyView.swift */; };
/* End PBXBuildFile section */

/* Begin PBXContainerItemProxy section */
		8FEC9BD72991E381009EE174 /* PBXContainerItemProxy */ = {
			isa = PBXContainerItemProxy;
			containerPortal = 7555FF73242A565900829871 /* Project object */;
			proxyType = 1;
			remoteGlobalIDString = 7555FF7A242A565900829871;
			remoteInfo = iosApp;
		};
		8FECC7F72991FEBE00BF4B95 /* PBXContainerItemProxy */ = {
			isa = PBXContainerItemProxy;
			containerPortal = 7555FF73242A565900829871 /* Project object */;
			proxyType = 1;
			remoteGlobalIDString = 7555FF7A242A565900829871;
			remoteInfo = iosApp;
		};
/* End PBXContainerItemProxy section */

/* Begin PBXCopyFilesBuildPhase section */
		7555FFB4242A642300829871 /* Embed Frameworks */ = {
			isa = PBXCopyFilesBuildPhase;
			buildActionMask = 2147483647;
			dstPath = "";
			dstSubfolderSpec = 10;
			files = (
			);
			name = "Embed Frameworks";
			runOnlyForDeploymentPostprocessing = 0;
		};
/* End PBXCopyFilesBuildPhase section */

/* Begin PBXFileReference section */
		058557BA273AAA24004C7B11 /* Assets.xcassets */ = {isa = PBXFileReference; lastKnownFileType = folder.assetcatalog; path = Assets.xcassets; sourceTree = "<group>"; };
		058557D8273AAEEB004C7B11 /* Preview Assets.xcassets */ = {isa = PBXFileReference; lastKnownFileType = folder.assetcatalog; path = "Preview Assets.xcassets"; sourceTree = "<group>"; };
		2152FB032600AC8F00CF470E /* iOSApp.swift */ = {isa = PBXFileReference; lastKnownFileType = sourcecode.swift; path = iOSApp.swift; sourceTree = "<group>"; };
		7555FF7B242A565900829871 /* iosApp.app */ = {isa = PBXFileReference; explicitFileType = wrapper.application; includeInIndex = 0; path = iosApp.app; sourceTree = BUILT_PRODUCTS_DIR; };
		7555FF82242A565900829871 /* ContentView.swift */ = {isa = PBXFileReference; lastKnownFileType = sourcecode.swift; path = ContentView.swift; sourceTree = "<group>"; };
		7555FF8C242A565B00829871 /* Info.plist */ = {isa = PBXFileReference; lastKnownFileType = text.plist.xml; path = Info.plist; sourceTree = "<group>"; };
		8FEC9BD12991E381009EE174 /* iosAppUITests.xctest */ = {isa = PBXFileReference; explicitFileType = wrapper.cfbundle; includeInIndex = 0; path = iosAppUITests.xctest; sourceTree = BUILT_PRODUCTS_DIR; };
		8FEC9BD32991E381009EE174 /* iosAppUITests.swift */ = {isa = PBXFileReference; lastKnownFileType = sourcecode.swift; path = iosAppUITests.swift; sourceTree = "<group>"; };
		8FEC9BD52991E381009EE174 /* iosAppUITestsLaunchTests.swift */ = {isa = PBXFileReference; lastKnownFileType = sourcecode.swift; path = iosAppUITestsLaunchTests.swift; sourceTree = "<group>"; };
		8FECC7F32991FEBE00BF4B95 /* iosAppTests.xctest */ = {isa = PBXFileReference; explicitFileType = wrapper.cfbundle; includeInIndex = 0; path = iosAppTests.xctest; sourceTree = BUILT_PRODUCTS_DIR; };
		921076652994E46900390F45 /* EnterScreenStage.swift */ = {isa = PBXFileReference; lastKnownFileType = sourcecode.swift; path = EnterScreenStage.swift; sourceTree = "<group>"; };
		927295E2298D61F100C5F0DE /* PrimaryButton.swift */ = {isa = PBXFileReference; lastKnownFileType = sourcecode.swift; path = PrimaryButton.swift; sourceTree = "<group>"; };
		927295E7298D733500C5F0DE /* BackButton.swift */ = {isa = PBXFileReference; lastKnownFileType = sourcecode.swift; path = BackButton.swift; sourceTree = "<group>"; };
		927295E9298D7A6B00C5F0DE /* Assets.swift */ = {isa = PBXFileReference; lastKnownFileType = sourcecode.swift; path = Assets.swift; sourceTree = "<group>"; };
		92729602298D862C00C5F0DE /* Unbounded-ExtraLight.ttf */ = {isa = PBXFileReference; lastKnownFileType = file; path = "Unbounded-ExtraLight.ttf"; sourceTree = "<group>"; };
		92729603298D862D00C5F0DE /* Unbounded-SemiBold.ttf */ = {isa = PBXFileReference; lastKnownFileType = file; path = "Unbounded-SemiBold.ttf"; sourceTree = "<group>"; };
		92729604298D862D00C5F0DE /* Unbounded-ExtraBold.ttf */ = {isa = PBXFileReference; lastKnownFileType = file; path = "Unbounded-ExtraBold.ttf"; sourceTree = "<group>"; };
		92729605298D862D00C5F0DE /* Unbounded-Medium.ttf */ = {isa = PBXFileReference; lastKnownFileType = file; path = "Unbounded-Medium.ttf"; sourceTree = "<group>"; };
		92729606298D862D00C5F0DE /* Unbounded-Black.ttf */ = {isa = PBXFileReference; lastKnownFileType = file; path = "Unbounded-Black.ttf"; sourceTree = "<group>"; };
		92729607298D862D00C5F0DE /* Unbounded-Bold.ttf */ = {isa = PBXFileReference; lastKnownFileType = file; path = "Unbounded-Bold.ttf"; sourceTree = "<group>"; };
		92729608298D862D00C5F0DE /* Unbounded-Regular.ttf */ = {isa = PBXFileReference; lastKnownFileType = file; path = "Unbounded-Regular.ttf"; sourceTree = "<group>"; };
		92729609298D862D00C5F0DE /* Unbounded-Light.ttf */ = {isa = PBXFileReference; lastKnownFileType = file; path = "Unbounded-Light.ttf"; sourceTree = "<group>"; };
		927F7F5F298D075400A158A8 /* MainMenuView.swift */ = {isa = PBXFileReference; lastKnownFileType = sourcecode.swift; path = MainMenuView.swift; sourceTree = "<group>"; };
		927F7F61298D1EB800A158A8 /* EnterScreenView.swift */ = {isa = PBXFileReference; lastKnownFileType = sourcecode.swift; path = EnterScreenView.swift; sourceTree = "<group>"; };
		9291175C2998454C00B23AF3 /* PasteboardController.swift */ = {isa = PBXFileReference; lastKnownFileType = sourcecode.swift; path = PasteboardController.swift; sourceTree = "<group>"; };
		92A06037299FBB2A00C6CC3E /* LobbyContractState+Extensions.swift */ = {isa = PBXFileReference; lastKnownFileType = sourcecode.swift; path = "LobbyContractState+Extensions.swift"; sourceTree = "<group>"; };
		92A06039299FBBBF00C6CC3E /* ArrayTests.swift */ = {isa = PBXFileReference; fileEncoding = 4; lastKnownFileType = sourcecode.swift; path = ArrayTests.swift; sourceTree = "<group>"; };
		92A0603B299FCEE900C6CC3E /* LobbyEffectProcessor.swift */ = {isa = PBXFileReference; lastKnownFileType = sourcecode.swift; path = LobbyEffectProcessor.swift; sourceTree = "<group>"; };
		92A0603D299FD18800C6CC3E /* MenuEffectProcessor.swift */ = {isa = PBXFileReference; lastKnownFileType = sourcecode.swift; path = MenuEffectProcessor.swift; sourceTree = "<group>"; };
		92A0603F29A24FB400C6CC3E /* AnswerCard.swift */ = {isa = PBXFileReference; lastKnownFileType = sourcecode.swift; path = AnswerCard.swift; sourceTree = "<group>"; };
		92B925082995670C0089ED88 /* IconButton.swift */ = {isa = PBXFileReference; lastKnownFileType = sourcecode.swift; path = IconButton.swift; sourceTree = "<group>"; };
		92B9250A29956A1D0089ED88 /* LobbyRow.swift */ = {isa = PBXFileReference; lastKnownFileType = sourcecode.swift; path = LobbyRow.swift; sourceTree = "<group>"; };
		92CAFB22299A735600E0B1E2 /* GoogleService-Info.plist */ = {isa = PBXFileReference; fileEncoding = 4; lastKnownFileType = text.plist.xml; path = "GoogleService-Info.plist"; sourceTree = "<group>"; };
		92CD6611299252170003634C /* OFL.txt */ = {isa = PBXFileReference; lastKnownFileType = text; path = OFL.txt; sourceTree = "<group>"; };
		92CD661629925B720003634C /* Image+Extensions.swift */ = {isa = PBXFileReference; lastKnownFileType = sourcecode.swift; path = "Image+Extensions.swift"; sourceTree = "<group>"; };
		92CD661829926F220003634C /* Alerts.swift */ = {isa = PBXFileReference; lastKnownFileType = sourcecode.swift; path = Alerts.swift; sourceTree = "<group>"; };
		92CD661A2992B83B0003634C /* HeaderView.swift */ = {isa = PBXFileReference; lastKnownFileType = sourcecode.swift; path = HeaderView.swift; sourceTree = "<group>"; };
		92CD661C2992BD770003634C /* InputField.swift */ = {isa = PBXFileReference; lastKnownFileType = sourcecode.swift; path = InputField.swift; sourceTree = "<group>"; };
		92CD661E2992DEA80003634C /* ContainerView.swift */ = {isa = PBXFileReference; lastKnownFileType = sourcecode.swift; path = ContainerView.swift; sourceTree = "<group>"; };
		92DE780E299D7C1100B16131 /* Array+Extensions.swift */ = {isa = PBXFileReference; fileEncoding = 4; lastKnownFileType = sourcecode.swift; path = "Array+Extensions.swift"; sourceTree = "<group>"; };
		92E17D8F299CEED300A0EEFC /* Fonts.swift */ = {isa = PBXFileReference; fileEncoding = 4; lastKnownFileType = sourcecode.swift; path = Fonts.swift; sourceTree = "<group>"; };
		92E17D90299CEED300A0EEFC /* Size.swift */ = {isa = PBXFileReference; fileEncoding = 4; lastKnownFileType = sourcecode.swift; path = Size.swift; sourceTree = "<group>"; };
		92E248CF299F716D00CF5147 /* NavPath.swift */ = {isa = PBXFileReference; fileEncoding = 4; lastKnownFileType = sourcecode.swift; name = NavPath.swift; path = iosApp/Utility/NavPath.swift; sourceTree = SOURCE_ROOT; };
		92F23CF129A4E34E0093D043 /* ButtonLoadingModifier.swift */ = {isa = PBXFileReference; lastKnownFileType = sourcecode.swift; name = ButtonLoadingModifier.swift; path = /Users/artem.yelizarov/Documents/kmm/CAH/iosApp/iosApp/View/ButtonLoadingModifier.swift; sourceTree = "<absolute>"; };
		92F23CF329A4E3BC0093D043 /* LoadingModifier.swift */ = {isa = PBXFileReference; lastKnownFileType = sourcecode.swift; path = LoadingModifier.swift; sourceTree = "<group>"; };
		92F57CA3299551C4005D5328 /* LobbyView.swift */ = {isa = PBXFileReference; lastKnownFileType = sourcecode.swift; path = LobbyView.swift; sourceTree = "<group>"; };
/* End PBXFileReference section */

/* Begin PBXFrameworksBuildPhase section */
		7555FF78242A565900829871 /* Frameworks */ = {
			isa = PBXFrameworksBuildPhase;
			buildActionMask = 2147483647;
			files = (
				92CAFB21299A720900E0B1E2 /* FirebaseDatabaseSwift in Frameworks */,
				92CAFB1F299A720900E0B1E2 /* FirebaseDatabase in Frameworks */,
				92CAFB1B299A720900E0B1E2 /* FirebaseAuth in Frameworks */,
				92CAFB1D299A720900E0B1E2 /* FirebaseAuthCombine-Community in Frameworks */,
			);
			runOnlyForDeploymentPostprocessing = 0;
		};
		8FEC9BCE2991E381009EE174 /* Frameworks */ = {
			isa = PBXFrameworksBuildPhase;
			buildActionMask = 2147483647;
			files = (
			);
			runOnlyForDeploymentPostprocessing = 0;
		};
		8FECC7F02991FEBE00BF4B95 /* Frameworks */ = {
			isa = PBXFrameworksBuildPhase;
			buildActionMask = 2147483647;
			files = (
			);
			runOnlyForDeploymentPostprocessing = 0;
		};
/* End PBXFrameworksBuildPhase section */

/* Begin PBXGroup section */
		058557D7273AAEEB004C7B11 /* Preview Content */ = {
			isa = PBXGroup;
			children = (
				058557D8273AAEEB004C7B11 /* Preview Assets.xcassets */,
			);
			path = "Preview Content";
			sourceTree = "<group>";
		};
		7555FF72242A565900829871 = {
			isa = PBXGroup;
			children = (
				7555FF7D242A565900829871 /* iosApp */,
				8FEC9BD22991E381009EE174 /* iosAppUITests */,
				8FECC7F42991FEBE00BF4B95 /* iosAppTests */,
				7555FF7C242A565900829871 /* Products */,
				7555FFB0242A642200829871 /* Frameworks */,
			);
			sourceTree = "<group>";
		};
		7555FF7C242A565900829871 /* Products */ = {
			isa = PBXGroup;
			children = (
				7555FF7B242A565900829871 /* iosApp.app */,
				8FEC9BD12991E381009EE174 /* iosAppUITests.xctest */,
				8FECC7F32991FEBE00BF4B95 /* iosAppTests.xctest */,
			);
			name = Products;
			sourceTree = "<group>";
		};
		7555FF7D242A565900829871 /* iosApp */ = {
			isa = PBXGroup;
			children = (
				058557BA273AAA24004C7B11 /* Assets.xcassets */,
				927295E4298D65F900C5F0DE /* View */,
				92E9AC09299A3610000367F2 /* Utility */,
				92E9AC0A299A36F5000367F2 /* UXHelpers */,
				7555FF8C242A565B00829871 /* Info.plist */,
				92CAFB22299A735600E0B1E2 /* GoogleService-Info.plist */,
				927295E9298D7A6B00C5F0DE /* Assets.swift */,
				2152FB032600AC8F00CF470E /* iOSApp.swift */,
				927295EB298D81C000C5F0DE /* Fonts */,
				058557D7273AAEEB004C7B11 /* Preview Content */,
			);
			path = iosApp;
			sourceTree = "<group>";
		};
		7555FFB0242A642200829871 /* Frameworks */ = {
			isa = PBXGroup;
			children = (
			);
			name = Frameworks;
			sourceTree = "<group>";
		};
		8FEC9BD22991E381009EE174 /* iosAppUITests */ = {
			isa = PBXGroup;
			children = (
				8FEC9BD32991E381009EE174 /* iosAppUITests.swift */,
				8FEC9BD52991E381009EE174 /* iosAppUITestsLaunchTests.swift */,
			);
			path = iosAppUITests;
			sourceTree = "<group>";
		};
		8FECC7F42991FEBE00BF4B95 /* iosAppTests */ = {
			isa = PBXGroup;
			children = (
				92A06039299FBBBF00C6CC3E /* ArrayTests.swift */,
			);
			path = iosAppTests;
			sourceTree = "<group>";
		};
		927295E4298D65F900C5F0DE /* View */ = {
			isa = PBXGroup;
			children = (
				92E9AC07299A358A000367F2 /* Buttons */,
				92F23CF529A4E5800093D043 /* Loading */,
				92E9AC08299A35C9000367F2 /* Lobby */,
				7555FF82242A565900829871 /* ContentView.swift */,
				92A0603D299FD18800C6CC3E /* MenuEffectProcessor.swift */,
				92A0603B299FCEE900C6CC3E /* LobbyEffectProcessor.swift */,
				927F7F61298D1EB800A158A8 /* EnterScreenView.swift */,
				921076652994E46900390F45 /* EnterScreenStage.swift */,
				92CD661E2992DEA80003634C /* ContainerView.swift */,
				92CD661C2992BD770003634C /* InputField.swift */,
				92CD661A2992B83B0003634C /* HeaderView.swift */,
				92A0603F29A24FB400C6CC3E /* AnswerCard.swift */,
				927F7F5F298D075400A158A8 /* MainMenuView.swift */,
			);
			path = View;
			sourceTree = "<group>";
		};
		927295EB298D81C000C5F0DE /* Fonts */ = {
			isa = PBXGroup;
			children = (
				92CD6611299252170003634C /* OFL.txt */,
				92729606298D862D00C5F0DE /* Unbounded-Black.ttf */,
				92729607298D862D00C5F0DE /* Unbounded-Bold.ttf */,
				92729602298D862C00C5F0DE /* Unbounded-ExtraLight.ttf */,
				92729605298D862D00C5F0DE /* Unbounded-Medium.ttf */,
				92729603298D862D00C5F0DE /* Unbounded-SemiBold.ttf */,
				92729604298D862D00C5F0DE /* Unbounded-ExtraBold.ttf */,
				92729609298D862D00C5F0DE /* Unbounded-Light.ttf */,
				92729608298D862D00C5F0DE /* Unbounded-Regular.ttf */,
			);
			path = Fonts;
			sourceTree = "<group>";
		};
		92E9AC07299A358A000367F2 /* Buttons */ = {
			isa = PBXGroup;
			children = (
				92B925082995670C0089ED88 /* IconButton.swift */,
				927295E2298D61F100C5F0DE /* PrimaryButton.swift */,
				927295E7298D733500C5F0DE /* BackButton.swift */,
			);
			path = Buttons;
			sourceTree = "<group>";
		};
		92E9AC08299A35C9000367F2 /* Lobby */ = {
			isa = PBXGroup;
			children = (
				92F57CA3299551C4005D5328 /* LobbyView.swift */,
				92B9250A29956A1D0089ED88 /* LobbyRow.swift */,
				92A06037299FBB2A00C6CC3E /* LobbyContractState+Extensions.swift */,
			);
			path = Lobby;
			sourceTree = "<group>";
		};
		92E9AC09299A3610000367F2 /* Utility */ = {
			isa = PBXGroup;
			children = (
				92CD661829926F220003634C /* Alerts.swift */,
				92E248CF299F716D00CF5147 /* NavPath.swift */,
				92DE780E299D7C1100B16131 /* Array+Extensions.swift */,
				9291175C2998454C00B23AF3 /* PasteboardController.swift */,
			);
			path = Utility;
			sourceTree = "<group>";
		};
		92E9AC0A299A36F5000367F2 /* UXHelpers */ = {
			isa = PBXGroup;
			children = (
				92CD661629925B720003634C /* Image+Extensions.swift */,
				92E17D8F299CEED300A0EEFC /* Fonts.swift */,
				92E17D90299CEED300A0EEFC /* Size.swift */,
			);
			path = UXHelpers;
			sourceTree = "<group>";
		};
		92F23CF529A4E5800093D043 /* Loading */ = {
			isa = PBXGroup;
			children = (
				92F23CF329A4E3BC0093D043 /* LoadingModifier.swift */,
				92F23CF129A4E34E0093D043 /* ButtonLoadingModifier.swift */,
			);
			path = Loading;
			sourceTree = "<group>";
		};
/* End PBXGroup section */

/* Begin PBXNativeTarget section */
		7555FF7A242A565900829871 /* iosApp */ = {
			isa = PBXNativeTarget;
			buildConfigurationList = 7555FFA5242A565B00829871 /* Build configuration list for PBXNativeTarget "iosApp" */;
			buildPhases = (
				92318B79298DB4FC00C37991 /* Generate Assets */,
				7555FFB5242A651A00829871 /* Embed Shared KMM Code */,
				7555FF77242A565900829871 /* Sources */,
				7555FF78242A565900829871 /* Frameworks */,
				7555FF79242A565900829871 /* Resources */,
				7555FFB4242A642300829871 /* Embed Frameworks */,
			);
			buildRules = (
			);
			dependencies = (
			);
			name = iosApp;
			packageProductDependencies = (
				92CAFB1A299A720900E0B1E2 /* FirebaseAuth */,
				92CAFB1C299A720900E0B1E2 /* FirebaseAuthCombine-Community */,
				92CAFB1E299A720900E0B1E2 /* FirebaseDatabase */,
				92CAFB20299A720900E0B1E2 /* FirebaseDatabaseSwift */,
			);
			productName = iosApp;
			productReference = 7555FF7B242A565900829871 /* iosApp.app */;
			productType = "com.apple.product-type.application";
		};
		8FEC9BD02991E381009EE174 /* iosAppUITests */ = {
			isa = PBXNativeTarget;
			buildConfigurationList = 8FEC9BD92991E381009EE174 /* Build configuration list for PBXNativeTarget "iosAppUITests" */;
			buildPhases = (
				8FEC9BCD2991E381009EE174 /* Sources */,
				8FEC9BCE2991E381009EE174 /* Frameworks */,
				8FEC9BCF2991E381009EE174 /* Resources */,
			);
			buildRules = (
			);
			dependencies = (
				8FEC9BD82991E381009EE174 /* PBXTargetDependency */,
			);
			name = iosAppUITests;
			productName = iosAppUITests;
			productReference = 8FEC9BD12991E381009EE174 /* iosAppUITests.xctest */;
			productType = "com.apple.product-type.bundle.ui-testing";
		};
		8FECC7F22991FEBE00BF4B95 /* iosAppTests */ = {
			isa = PBXNativeTarget;
			buildConfigurationList = 8FECC7F92991FEBE00BF4B95 /* Build configuration list for PBXNativeTarget "iosAppTests" */;
			buildPhases = (
				8FECC7EF2991FEBE00BF4B95 /* Sources */,
				8FECC7F02991FEBE00BF4B95 /* Frameworks */,
				8FECC7F12991FEBE00BF4B95 /* Resources */,
			);
			buildRules = (
			);
			dependencies = (
				8FECC7F82991FEBE00BF4B95 /* PBXTargetDependency */,
			);
			name = iosAppTests;
			productName = iosAppTests;
			productReference = 8FECC7F32991FEBE00BF4B95 /* iosAppTests.xctest */;
			productType = "com.apple.product-type.bundle.unit-test";
		};
/* End PBXNativeTarget section */

/* Begin PBXProject section */
		7555FF73242A565900829871 /* Project object */ = {
			isa = PBXProject;
			attributes = {
				LastSwiftUpdateCheck = 1420;
				LastUpgradeCheck = 1130;
				ORGANIZATIONNAME = orgName;
				TargetAttributes = {
					7555FF7A242A565900829871 = {
						CreatedOnToolsVersion = 11.3.1;
					};
					8FEC9BD02991E381009EE174 = {
						CreatedOnToolsVersion = 14.2;
						TestTargetID = 7555FF7A242A565900829871;
					};
					8FECC7F22991FEBE00BF4B95 = {
						CreatedOnToolsVersion = 14.2;
						TestTargetID = 7555FF7A242A565900829871;
					};
				};
			};
			buildConfigurationList = 7555FF76242A565900829871 /* Build configuration list for PBXProject "iosApp" */;
			compatibilityVersion = "Xcode 9.3";
			developmentRegion = en;
			hasScannedForEncodings = 0;
			knownRegions = (
				en,
				Base,
			);
			mainGroup = 7555FF72242A565900829871;
			packageReferences = (
				92CAFB19299A720900E0B1E2 /* XCRemoteSwiftPackageReference "firebase-ios-sdk" */,
			);
			productRefGroup = 7555FF7C242A565900829871 /* Products */;
			projectDirPath = "";
			projectRoot = "";
			targets = (
				7555FF7A242A565900829871 /* iosApp */,
				8FEC9BD02991E381009EE174 /* iosAppUITests */,
				8FECC7F22991FEBE00BF4B95 /* iosAppTests */,
			);
		};
/* End PBXProject section */

/* Begin PBXResourcesBuildPhase section */
		7555FF79242A565900829871 /* Resources */ = {
			isa = PBXResourcesBuildPhase;
			buildActionMask = 2147483647;
			files = (
				9272960C298D86F300C5F0DE /* Unbounded-Regular.ttf in Resources */,
				9272960B298D86F300C5F0DE /* Unbounded-Light.ttf in Resources */,
				058557D9273AAEEB004C7B11 /* Preview Assets.xcassets in Resources */,
				92729611298D86F300C5F0DE /* Unbounded-ExtraLight.ttf in Resources */,
				9272960D298D86F300C5F0DE /* Unbounded-ExtraBold.ttf in Resources */,
				9272960A298D86F300C5F0DE /* Unbounded-SemiBold.ttf in Resources */,
				92729610298D86F300C5F0DE /* Unbounded-Bold.ttf in Resources */,
				9272960F298D86F300C5F0DE /* Unbounded-Black.ttf in Resources */,
				92CAFB23299A735600E0B1E2 /* GoogleService-Info.plist in Resources */,
				058557BB273AAA24004C7B11 /* Assets.xcassets in Resources */,
				9272960E298D86F300C5F0DE /* Unbounded-Medium.ttf in Resources */,
			);
			runOnlyForDeploymentPostprocessing = 0;
		};
		8FEC9BCF2991E381009EE174 /* Resources */ = {
			isa = PBXResourcesBuildPhase;
			buildActionMask = 2147483647;
			files = (
			);
			runOnlyForDeploymentPostprocessing = 0;
		};
		8FECC7F12991FEBE00BF4B95 /* Resources */ = {
			isa = PBXResourcesBuildPhase;
			buildActionMask = 2147483647;
			files = (
			);
			runOnlyForDeploymentPostprocessing = 0;
		};
/* End PBXResourcesBuildPhase section */

/* Begin PBXShellScriptBuildPhase section */
		7555FFB5242A651A00829871 /* Embed Shared KMM Code */ = {
			isa = PBXShellScriptBuildPhase;
			alwaysOutOfDate = 1;
			buildActionMask = 2147483647;
			files = (
			);
			inputFileListPaths = (
			);
			inputPaths = (
			);
			name = "Embed Shared KMM Code";
			outputFileListPaths = (
			);
			outputPaths = (
			);
			runOnlyForDeploymentPostprocessing = 0;
			shellPath = /bin/sh;
			shellScript = "if [ -z \"$CI\" ]; then\n    echo \"running locally   \"\n    ANDROID_STUDIO_JDK_PATH=\"/Applications/Android Studio.app/Contents/jbr/Contents/Home\"\n    if [ -d \"$ANDROID_STUDIO_JDK_PATH\" ]; then\n        export JAVA_HOME=\"$ANDROID_STUDIO_JDK_PATH\"\n    else\n        export JAVA_HOME=/opt/homebrew/opt/openjdk\n    fi\nelse\n    echo \"running from CI\"\nfi\n\ncd \"$SRCROOT/..\"\n./gradlew :shared:embedAndSignAppleFrameworkForXcode\n";
		};
		92318B79298DB4FC00C37991 /* Generate Assets */ = {
			isa = PBXShellScriptBuildPhase;
			alwaysOutOfDate = 1;
			buildActionMask = 2147483647;
			files = (
			);
			inputFileListPaths = (
			);
			inputPaths = (
			);
			name = "Generate Assets";
			outputFileListPaths = (
			);
			outputPaths = (
			);
			runOnlyForDeploymentPostprocessing = 0;
			shellPath = /bin/zsh;
			shellScript = "zsh \"${SRCROOT}/tools/generateResources\"\n";
		};
/* End PBXShellScriptBuildPhase section */

/* Begin PBXSourcesBuildPhase section */
		7555FF77242A565900829871 /* Sources */ = {
			isa = PBXSourcesBuildPhase;
			buildActionMask = 2147483647;
			files = (
				92E17D92299CEED300A0EEFC /* Size.swift in Sources */,
				92A0603C299FCEE900C6CC3E /* LobbyEffectProcessor.swift in Sources */,
				92B925092995670C0089ED88 /* IconButton.swift in Sources */,
				92A06038299FBB2A00C6CC3E /* LobbyContractState+Extensions.swift in Sources */,
				927F7F62298D1EB800A158A8 /* EnterScreenView.swift in Sources */,
				92CD661729925B720003634C /* Image+Extensions.swift in Sources */,
				927F7F60298D075400A158A8 /* MainMenuView.swift in Sources */,
				92E248D0299F716D00CF5147 /* NavPath.swift in Sources */,
				921076662994E46900390F45 /* EnterScreenStage.swift in Sources */,
				927295EA298D7A6B00C5F0DE /* Assets.swift in Sources */,
				92F23CF429A4E3BC0093D043 /* LoadingModifier.swift in Sources */,
				92E17D91299CEED300A0EEFC /* Fonts.swift in Sources */,
				92F23CF229A4E34E0093D043 /* ButtonLoadingModifier.swift in Sources */,
				927295E3298D61F100C5F0DE /* PrimaryButton.swift in Sources */,
				92DE7810299D7C1100B16131 /* Array+Extensions.swift in Sources */,
				92A0603E299FD18800C6CC3E /* MenuEffectProcessor.swift in Sources */,
				2152FB042600AC8F00CF470E /* iOSApp.swift in Sources */,
				7555FF83242A565900829871 /* ContentView.swift in Sources */,
				92CD661D2992BD770003634C /* InputField.swift in Sources */,
				92CD661B2992B83B0003634C /* HeaderView.swift in Sources */,
				927295E8298D733500C5F0DE /* BackButton.swift in Sources */,
				92A0604029A24FB400C6CC3E /* AnswerCard.swift in Sources */,
				92F57CA4299551C4005D5328 /* LobbyView.swift in Sources */,
				92B9250B29956A1D0089ED88 /* LobbyRow.swift in Sources */,
				92CD661929926F220003634C /* Alerts.swift in Sources */,
				92CD661F2992DEA80003634C /* ContainerView.swift in Sources */,
				9291175D2998454C00B23AF3 /* PasteboardController.swift in Sources */,
			);
			runOnlyForDeploymentPostprocessing = 0;
		};
		8FEC9BCD2991E381009EE174 /* Sources */ = {
			isa = PBXSourcesBuildPhase;
			buildActionMask = 2147483647;
			files = (
				8FEC9BD62991E381009EE174 /* iosAppUITestsLaunchTests.swift in Sources */,
				8FEC9BD42991E381009EE174 /* iosAppUITests.swift in Sources */,
			);
			runOnlyForDeploymentPostprocessing = 0;
		};
		8FECC7EF2991FEBE00BF4B95 /* Sources */ = {
			isa = PBXSourcesBuildPhase;
			buildActionMask = 2147483647;
			files = (
				92A0603A299FBBBF00C6CC3E /* ArrayTests.swift in Sources */,
			);
			runOnlyForDeploymentPostprocessing = 0;
		};
/* End PBXSourcesBuildPhase section */

/* Begin PBXTargetDependency section */
		8FEC9BD82991E381009EE174 /* PBXTargetDependency */ = {
			isa = PBXTargetDependency;
			target = 7555FF7A242A565900829871 /* iosApp */;
			targetProxy = 8FEC9BD72991E381009EE174 /* PBXContainerItemProxy */;
		};
		8FECC7F82991FEBE00BF4B95 /* PBXTargetDependency */ = {
			isa = PBXTargetDependency;
			target = 7555FF7A242A565900829871 /* iosApp */;
			targetProxy = 8FECC7F72991FEBE00BF4B95 /* PBXContainerItemProxy */;
		};
/* End PBXTargetDependency section */

/* Begin XCBuildConfiguration section */
		7555FFA3242A565B00829871 /* Debug */ = {
			isa = XCBuildConfiguration;
			buildSettings = {
				ALWAYS_SEARCH_USER_PATHS = NO;
				CLANG_ANALYZER_NONNULL = YES;
				CLANG_ANALYZER_NUMBER_OBJECT_CONVERSION = YES_AGGRESSIVE;
				CLANG_CXX_LANGUAGE_STANDARD = "gnu++14";
				CLANG_CXX_LIBRARY = "libc++";
				CLANG_ENABLE_MODULES = YES;
				CLANG_ENABLE_OBJC_ARC = YES;
				CLANG_ENABLE_OBJC_WEAK = YES;
				CLANG_WARN_BLOCK_CAPTURE_AUTORELEASING = YES;
				CLANG_WARN_BOOL_CONVERSION = YES;
				CLANG_WARN_COMMA = YES;
				CLANG_WARN_CONSTANT_CONVERSION = YES;
				CLANG_WARN_DEPRECATED_OBJC_IMPLEMENTATIONS = YES;
				CLANG_WARN_DIRECT_OBJC_ISA_USAGE = YES_ERROR;
				CLANG_WARN_DOCUMENTATION_COMMENTS = YES;
				CLANG_WARN_EMPTY_BODY = YES;
				CLANG_WARN_ENUM_CONVERSION = YES;
				CLANG_WARN_INFINITE_RECURSION = YES;
				CLANG_WARN_INT_CONVERSION = YES;
				CLANG_WARN_NON_LITERAL_NULL_CONVERSION = YES;
				CLANG_WARN_OBJC_IMPLICIT_RETAIN_SELF = YES;
				CLANG_WARN_OBJC_LITERAL_CONVERSION = YES;
				CLANG_WARN_OBJC_ROOT_CLASS = YES_ERROR;
				CLANG_WARN_QUOTED_INCLUDE_IN_FRAMEWORK_HEADER = YES;
				CLANG_WARN_RANGE_LOOP_ANALYSIS = YES;
				CLANG_WARN_STRICT_PROTOTYPES = YES;
				CLANG_WARN_SUSPICIOUS_MOVE = YES;
				CLANG_WARN_UNGUARDED_AVAILABILITY = YES_AGGRESSIVE;
				CLANG_WARN_UNREACHABLE_CODE = YES;
				CLANG_WARN__DUPLICATE_METHOD_MATCH = YES;
				COPY_PHASE_STRIP = NO;
				DEBUG_INFORMATION_FORMAT = "dwarf-with-dsym";
				ENABLE_STRICT_OBJC_MSGSEND = YES;
				ENABLE_TESTABILITY = YES;
				GCC_C_LANGUAGE_STANDARD = gnu11;
				GCC_DYNAMIC_NO_PIC = NO;
				GCC_NO_COMMON_BLOCKS = YES;
				GCC_OPTIMIZATION_LEVEL = 0;
				GCC_PREPROCESSOR_DEFINITIONS = (
					"DEBUG=1",
					"$(inherited)",
				);
				GCC_WARN_64_TO_32_BIT_CONVERSION = YES;
				GCC_WARN_ABOUT_RETURN_TYPE = YES_ERROR;
				GCC_WARN_UNDECLARED_SELECTOR = YES;
				GCC_WARN_UNINITIALIZED_AUTOS = YES_AGGRESSIVE;
				GCC_WARN_UNUSED_FUNCTION = YES;
				GCC_WARN_UNUSED_VARIABLE = YES;
				INFOPLIST_KEY_UISupportedInterfaceOrientations = "";
				IPHONEOS_DEPLOYMENT_TARGET = 14.1;
				MTL_ENABLE_DEBUG_INFO = INCLUDE_SOURCE;
				MTL_FAST_MATH = YES;
				ONLY_ACTIVE_ARCH = YES;
				SDKROOT = iphoneos;
				SWIFT_ACTIVE_COMPILATION_CONDITIONS = DEBUG;
				SWIFT_OPTIMIZATION_LEVEL = "-Onone";
			};
			name = Debug;
		};
		7555FFA4242A565B00829871 /* Release */ = {
			isa = XCBuildConfiguration;
			buildSettings = {
				ALWAYS_SEARCH_USER_PATHS = NO;
				CLANG_ANALYZER_NONNULL = YES;
				CLANG_ANALYZER_NUMBER_OBJECT_CONVERSION = YES_AGGRESSIVE;
				CLANG_CXX_LANGUAGE_STANDARD = "gnu++14";
				CLANG_CXX_LIBRARY = "libc++";
				CLANG_ENABLE_MODULES = YES;
				CLANG_ENABLE_OBJC_ARC = YES;
				CLANG_ENABLE_OBJC_WEAK = YES;
				CLANG_WARN_BLOCK_CAPTURE_AUTORELEASING = YES;
				CLANG_WARN_BOOL_CONVERSION = YES;
				CLANG_WARN_COMMA = YES;
				CLANG_WARN_CONSTANT_CONVERSION = YES;
				CLANG_WARN_DEPRECATED_OBJC_IMPLEMENTATIONS = YES;
				CLANG_WARN_DIRECT_OBJC_ISA_USAGE = YES_ERROR;
				CLANG_WARN_DOCUMENTATION_COMMENTS = YES;
				CLANG_WARN_EMPTY_BODY = YES;
				CLANG_WARN_ENUM_CONVERSION = YES;
				CLANG_WARN_INFINITE_RECURSION = YES;
				CLANG_WARN_INT_CONVERSION = YES;
				CLANG_WARN_NON_LITERAL_NULL_CONVERSION = YES;
				CLANG_WARN_OBJC_IMPLICIT_RETAIN_SELF = YES;
				CLANG_WARN_OBJC_LITERAL_CONVERSION = YES;
				CLANG_WARN_OBJC_ROOT_CLASS = YES_ERROR;
				CLANG_WARN_QUOTED_INCLUDE_IN_FRAMEWORK_HEADER = YES;
				CLANG_WARN_RANGE_LOOP_ANALYSIS = YES;
				CLANG_WARN_STRICT_PROTOTYPES = YES;
				CLANG_WARN_SUSPICIOUS_MOVE = YES;
				CLANG_WARN_UNGUARDED_AVAILABILITY = YES_AGGRESSIVE;
				CLANG_WARN_UNREACHABLE_CODE = YES;
				CLANG_WARN__DUPLICATE_METHOD_MATCH = YES;
				COPY_PHASE_STRIP = NO;
				DEBUG_INFORMATION_FORMAT = "dwarf-with-dsym";
				ENABLE_NS_ASSERTIONS = NO;
				ENABLE_STRICT_OBJC_MSGSEND = YES;
				GCC_C_LANGUAGE_STANDARD = gnu11;
				GCC_NO_COMMON_BLOCKS = YES;
				GCC_WARN_64_TO_32_BIT_CONVERSION = YES;
				GCC_WARN_ABOUT_RETURN_TYPE = YES_ERROR;
				GCC_WARN_UNDECLARED_SELECTOR = YES;
				GCC_WARN_UNINITIALIZED_AUTOS = YES_AGGRESSIVE;
				GCC_WARN_UNUSED_FUNCTION = YES;
				GCC_WARN_UNUSED_VARIABLE = YES;
				IPHONEOS_DEPLOYMENT_TARGET = 14.1;
				MTL_ENABLE_DEBUG_INFO = NO;
				MTL_FAST_MATH = YES;
				SDKROOT = iphoneos;
				SWIFT_COMPILATION_MODE = wholemodule;
				SWIFT_OPTIMIZATION_LEVEL = "-O";
				VALIDATE_PRODUCT = YES;
			};
			name = Release;
		};
		7555FFA6242A565B00829871 /* Debug */ = {
			isa = XCBuildConfiguration;
			buildSettings = {
				ASSETCATALOG_COMPILER_APPICON_NAME = AppIcon;
				CODE_SIGN_STYLE = Automatic;
				DEVELOPMENT_ASSET_PATHS = "\"iosApp/Preview Content\"";
				DEVELOPMENT_TEAM = "";
				ENABLE_PREVIEWS = YES;
				FRAMEWORK_SEARCH_PATHS = "$(SRCROOT)/../shared/build/xcode-frameworks/$(CONFIGURATION)/$(SDK_NAME)";
				INFOPLIST_FILE = iosApp/Info.plist;
				INFOPLIST_KEY_LSApplicationCategoryType = "public.app-category.card-games";
				IPHONEOS_DEPLOYMENT_TARGET = 16.0;
				LD_RUNPATH_SEARCH_PATHS = (
					"$(inherited)",
					"@executable_path/Frameworks",
				);
				OTHER_LDFLAGS = (
					"$(inherited)",
					"-framework",
					shared,
				);
				PRODUCT_BUNDLE_IDENTIFIER = com.eleks.cah;
				PRODUCT_NAME = "$(TARGET_NAME)";
				SWIFT_VERSION = 5.0;
				TARGETED_DEVICE_FAMILY = "1,2";
			};
			name = Debug;
		};
		7555FFA7242A565B00829871 /* Release */ = {
			isa = XCBuildConfiguration;
			buildSettings = {
				ASSETCATALOG_COMPILER_APPICON_NAME = AppIcon;
				CODE_SIGN_STYLE = Automatic;
				DEVELOPMENT_ASSET_PATHS = "\"iosApp/Preview Content\"";
				DEVELOPMENT_TEAM = "";
				ENABLE_PREVIEWS = YES;
				FRAMEWORK_SEARCH_PATHS = "$(SRCROOT)/../shared/build/xcode-frameworks/$(CONFIGURATION)/$(SDK_NAME)";
				INFOPLIST_FILE = iosApp/Info.plist;
				INFOPLIST_KEY_LSApplicationCategoryType = "public.app-category.card-games";
				IPHONEOS_DEPLOYMENT_TARGET = 16.0;
				LD_RUNPATH_SEARCH_PATHS = (
					"$(inherited)",
					"@executable_path/Frameworks",
				);
				OTHER_LDFLAGS = (
					"$(inherited)",
					"-framework",
					shared,
				);
				PRODUCT_BUNDLE_IDENTIFIER = com.eleks.cah;
				PRODUCT_NAME = "$(TARGET_NAME)";
				SWIFT_VERSION = 5.0;
				TARGETED_DEVICE_FAMILY = "1,2";
			};
			name = Release;
		};
		8FEC9BDA2991E381009EE174 /* Debug */ = {
			isa = XCBuildConfiguration;
			buildSettings = {
				CLANG_CXX_LANGUAGE_STANDARD = "gnu++20";
				CODE_SIGN_STYLE = Automatic;
				CURRENT_PROJECT_VERSION = 1;
				DEBUG_INFORMATION_FORMAT = dwarf;
				GENERATE_INFOPLIST_FILE = YES;
				IPHONEOS_DEPLOYMENT_TARGET = 16.2;
				MARKETING_VERSION = 1.0;
				PRODUCT_BUNDLE_IDENTIFIER = owlsoft.com.iosAppUITests;
				PRODUCT_NAME = "$(TARGET_NAME)";
				SWIFT_EMIT_LOC_STRINGS = NO;
				SWIFT_VERSION = 5.0;
				TARGETED_DEVICE_FAMILY = "1,2";
				TEST_TARGET_NAME = iosApp;
			};
			name = Debug;
		};
		8FEC9BDB2991E381009EE174 /* Release */ = {
			isa = XCBuildConfiguration;
			buildSettings = {
				CLANG_CXX_LANGUAGE_STANDARD = "gnu++20";
				CODE_SIGN_STYLE = Automatic;
				CURRENT_PROJECT_VERSION = 1;
				GENERATE_INFOPLIST_FILE = YES;
				IPHONEOS_DEPLOYMENT_TARGET = 16.2;
				MARKETING_VERSION = 1.0;
				PRODUCT_BUNDLE_IDENTIFIER = owlsoft.com.iosAppUITests;
				PRODUCT_NAME = "$(TARGET_NAME)";
				SWIFT_EMIT_LOC_STRINGS = NO;
				SWIFT_VERSION = 5.0;
				TARGETED_DEVICE_FAMILY = "1,2";
				TEST_TARGET_NAME = iosApp;
			};
			name = Release;
		};
		8FECC7FA2991FEBE00BF4B95 /* Debug */ = {
			isa = XCBuildConfiguration;
			buildSettings = {
				BUNDLE_LOADER = "$(TEST_HOST)";
				CLANG_CXX_LANGUAGE_STANDARD = "gnu++20";
				CODE_SIGN_STYLE = Automatic;
				CURRENT_PROJECT_VERSION = 1;
				DEBUG_INFORMATION_FORMAT = dwarf;
				GENERATE_INFOPLIST_FILE = YES;
				IPHONEOS_DEPLOYMENT_TARGET = 16.2;
				MARKETING_VERSION = 1.0;
				PRODUCT_BUNDLE_IDENTIFIER = owlsoft.com.iosAppTests;
				PRODUCT_NAME = "$(TARGET_NAME)";
				SWIFT_EMIT_LOC_STRINGS = NO;
				SWIFT_VERSION = 5.0;
				TARGETED_DEVICE_FAMILY = "1,2";
				TEST_HOST = "$(BUILT_PRODUCTS_DIR)/iosApp.app/$(BUNDLE_EXECUTABLE_FOLDER_PATH)/iosApp";
			};
			name = Debug;
		};
		8FECC7FB2991FEBE00BF4B95 /* Release */ = {
			isa = XCBuildConfiguration;
			buildSettings = {
				BUNDLE_LOADER = "$(TEST_HOST)";
				CLANG_CXX_LANGUAGE_STANDARD = "gnu++20";
				CODE_SIGN_STYLE = Automatic;
				CURRENT_PROJECT_VERSION = 1;
				GENERATE_INFOPLIST_FILE = YES;
				IPHONEOS_DEPLOYMENT_TARGET = 16.2;
				MARKETING_VERSION = 1.0;
				PRODUCT_BUNDLE_IDENTIFIER = owlsoft.com.iosAppTests;
				PRODUCT_NAME = "$(TARGET_NAME)";
				SWIFT_EMIT_LOC_STRINGS = NO;
				SWIFT_VERSION = 5.0;
				TARGETED_DEVICE_FAMILY = "1,2";
				TEST_HOST = "$(BUILT_PRODUCTS_DIR)/iosApp.app/$(BUNDLE_EXECUTABLE_FOLDER_PATH)/iosApp";
			};
			name = Release;
		};
/* End XCBuildConfiguration section */

/* Begin XCConfigurationList section */
		7555FF76242A565900829871 /* Build configuration list for PBXProject "iosApp" */ = {
			isa = XCConfigurationList;
			buildConfigurations = (
				7555FFA3242A565B00829871 /* Debug */,
				7555FFA4242A565B00829871 /* Release */,
			);
			defaultConfigurationIsVisible = 0;
			defaultConfigurationName = Release;
		};
		7555FFA5242A565B00829871 /* Build configuration list for PBXNativeTarget "iosApp" */ = {
			isa = XCConfigurationList;
			buildConfigurations = (
				7555FFA6242A565B00829871 /* Debug */,
				7555FFA7242A565B00829871 /* Release */,
			);
			defaultConfigurationIsVisible = 0;
			defaultConfigurationName = Release;
		};
		8FEC9BD92991E381009EE174 /* Build configuration list for PBXNativeTarget "iosAppUITests" */ = {
			isa = XCConfigurationList;
			buildConfigurations = (
				8FEC9BDA2991E381009EE174 /* Debug */,
				8FEC9BDB2991E381009EE174 /* Release */,
			);
			defaultConfigurationIsVisible = 0;
			defaultConfigurationName = Release;
		};
		8FECC7F92991FEBE00BF4B95 /* Build configuration list for PBXNativeTarget "iosAppTests" */ = {
			isa = XCConfigurationList;
			buildConfigurations = (
				8FECC7FA2991FEBE00BF4B95 /* Debug */,
				8FECC7FB2991FEBE00BF4B95 /* Release */,
			);
			defaultConfigurationIsVisible = 0;
			defaultConfigurationName = Release;
		};
/* End XCConfigurationList section */

/* Begin XCRemoteSwiftPackageReference section */
		92CAFB19299A720900E0B1E2 /* XCRemoteSwiftPackageReference "firebase-ios-sdk" */ = {
			isa = XCRemoteSwiftPackageReference;
			repositoryURL = "https://github.com/firebase/firebase-ios-sdk";
			requirement = {
				kind = upToNextMajorVersion;
				minimumVersion = 9.0.0;
			};
		};
/* End XCRemoteSwiftPackageReference section */

/* Begin XCSwiftPackageProductDependency section */
		92CAFB1A299A720900E0B1E2 /* FirebaseAuth */ = {
			isa = XCSwiftPackageProductDependency;
			package = 92CAFB19299A720900E0B1E2 /* XCRemoteSwiftPackageReference "firebase-ios-sdk" */;
			productName = FirebaseAuth;
		};
		92CAFB1C299A720900E0B1E2 /* FirebaseAuthCombine-Community */ = {
			isa = XCSwiftPackageProductDependency;
			package = 92CAFB19299A720900E0B1E2 /* XCRemoteSwiftPackageReference "firebase-ios-sdk" */;
			productName = "FirebaseAuthCombine-Community";
		};
		92CAFB1E299A720900E0B1E2 /* FirebaseDatabase */ = {
			isa = XCSwiftPackageProductDependency;
			package = 92CAFB19299A720900E0B1E2 /* XCRemoteSwiftPackageReference "firebase-ios-sdk" */;
			productName = FirebaseDatabase;
		};
		92CAFB20299A720900E0B1E2 /* FirebaseDatabaseSwift */ = {
			isa = XCSwiftPackageProductDependency;
			package = 92CAFB19299A720900E0B1E2 /* XCRemoteSwiftPackageReference "firebase-ios-sdk" */;
			productName = FirebaseDatabaseSwift;
		};
/* End XCSwiftPackageProductDependency section */
	};
	rootObject = 7555FF73242A565900829871 /* Project object */;
}
